// !$*UTF8*$!
{
	archiveVersion = 1;
	classes = {
	};
	objectVersion = 46;
	objects = {

/* Begin PBXBuildFile section */
		5A044DE31DC9D98900A0BD22 /* LLOAuthViewController.swift in Sources */ = {isa = PBXBuildFile; fileRef = 5A044DE21DC9D98900A0BD22 /* LLOAuthViewController.swift */; };
		5A044DE51DC9D99D00A0BD22 /* LLOAuth.storyboard in Resources */ = {isa = PBXBuildFile; fileRef = 5A044DE41DC9D99D00A0BD22 /* LLOAuth.storyboard */; };
		5A39866F1D9BA843007872F6 /* AppDelegate.swift in Sources */ = {isa = PBXBuildFile; fileRef = 5A39866E1D9BA843007872F6 /* AppDelegate.swift */; };
		5A3986761D9BA843007872F6 /* Assets.xcassets in Resources */ = {isa = PBXBuildFile; fileRef = 5A3986751D9BA843007872F6 /* Assets.xcassets */; };
		5A40EDF91DDC42B200489931 /* AFHTTPSessionManager.m in Sources */ = {isa = PBXBuildFile; fileRef = 5A40EDED1DDC42B200489931 /* AFHTTPSessionManager.m */; };
		5A40EDFA1DDC42B200489931 /* AFNetworkReachabilityManager.m in Sources */ = {isa = PBXBuildFile; fileRef = 5A40EDF01DDC42B200489931 /* AFNetworkReachabilityManager.m */; };
		5A40EDFB1DDC42B200489931 /* AFSecurityPolicy.m in Sources */ = {isa = PBXBuildFile; fileRef = 5A40EDF21DDC42B200489931 /* AFSecurityPolicy.m */; };
		5A40EDFC1DDC42B200489931 /* AFURLRequestSerialization.m in Sources */ = {isa = PBXBuildFile; fileRef = 5A40EDF41DDC42B200489931 /* AFURLRequestSerialization.m */; };
		5A40EDFD1DDC42B200489931 /* AFURLResponseSerialization.m in Sources */ = {isa = PBXBuildFile; fileRef = 5A40EDF61DDC42B200489931 /* AFURLResponseSerialization.m */; };
		5A40EDFE1DDC42B200489931 /* AFURLSessionManager.m in Sources */ = {isa = PBXBuildFile; fileRef = 5A40EDF81DDC42B200489931 /* AFURLSessionManager.m */; };
		5A40EE0A1DDC510200489931 /* SVIndefiniteAnimatedView.m in Sources */ = {isa = PBXBuildFile; fileRef = 5A40EE011DDC510200489931 /* SVIndefiniteAnimatedView.m */; };
		5A40EE0B1DDC510200489931 /* SVProgressAnimatedView.m in Sources */ = {isa = PBXBuildFile; fileRef = 5A40EE031DDC510200489931 /* SVProgressAnimatedView.m */; };
		5A40EE0C1DDC510200489931 /* SVProgressHUD.bundle in Resources */ = {isa = PBXBuildFile; fileRef = 5A40EE051DDC510200489931 /* SVProgressHUD.bundle */; };
		5A40EE0D1DDC510200489931 /* SVProgressHUD.m in Sources */ = {isa = PBXBuildFile; fileRef = 5A40EE071DDC510200489931 /* SVProgressHUD.m */; };
		5A40EE0E1DDC510200489931 /* SVRadialGradientLayer.m in Sources */ = {isa = PBXBuildFile; fileRef = 5A40EE091DDC510200489931 /* SVRadialGradientLayer.m */; };
		5A40EE101DDC515100489931 /* SVPHUBTool.swift in Sources */ = {isa = PBXBuildFile; fileRef = 5A40EE0F1DDC515100489931 /* SVPHUBTool.swift */; };
		5A40EE121DDC562200489931 /* String+Extension.swift in Sources */ = {isa = PBXBuildFile; fileRef = 5A40EE111DDC562200489931 /* String+Extension.swift */; };
		5A40EE141DDC632E00489931 /* UserAccount.swift in Sources */ = {isa = PBXBuildFile; fileRef = 5A40EE131DDC632E00489931 /* UserAccount.swift */; };
		5A4532B61E1367EA0082DAF9 /* LLUserSignViewController.swift in Sources */ = {isa = PBXBuildFile; fileRef = 5A4532B51E1367EA0082DAF9 /* LLUserSignViewController.swift */; };
		5A4532B81E1368030082DAF9 /* LLUserSign.storyboard in Resources */ = {isa = PBXBuildFile; fileRef = 5A4532B71E1368030082DAF9 /* LLUserSign.storyboard */; };
		5A4532BA1E13A4B10082DAF9 /* StatusModel.swift in Sources */ = {isa = PBXBuildFile; fileRef = 5A4532B91E13A4B10082DAF9 /* StatusModel.swift */; };
		5A4532BC1E13A5150082DAF9 /* UserModel.swift in Sources */ = {isa = PBXBuildFile; fileRef = 5A4532BB1E13A5150082DAF9 /* UserModel.swift */; };
		5A4532BF1E13BAD00082DAF9 /* LLHomeCell.swift in Sources */ = {isa = PBXBuildFile; fileRef = 5A4532BD1E13BAD00082DAF9 /* LLHomeCell.swift */; };
		5A4532C01E13BAD00082DAF9 /* LLHomeCell.xib in Resources */ = {isa = PBXBuildFile; fileRef = 5A4532BE1E13BAD00082DAF9 /* LLHomeCell.xib */; };
		5A4532ED1E13C5E60082DAF9 /* MKAnnotationView+WebCache.m in Sources */ = {isa = PBXBuildFile; fileRef = 5A4532C61E13C5E60082DAF9 /* MKAnnotationView+WebCache.m */; };
		5A4532EE1E13C5E60082DAF9 /* NSData+ImageContentType.m in Sources */ = {isa = PBXBuildFile; fileRef = 5A4532C81E13C5E60082DAF9 /* NSData+ImageContentType.m */; };
		5A4532EF1E13C5E60082DAF9 /* NSImage+WebCache.m in Sources */ = {isa = PBXBuildFile; fileRef = 5A4532CA1E13C5E60082DAF9 /* NSImage+WebCache.m */; };
		5A4532F01E13C5E60082DAF9 /* SDImageCache.m in Sources */ = {isa = PBXBuildFile; fileRef = 5A4532CC1E13C5E60082DAF9 /* SDImageCache.m */; };
		5A4532F11E13C5E60082DAF9 /* SDImageCacheConfig.m in Sources */ = {isa = PBXBuildFile; fileRef = 5A4532CE1E13C5E60082DAF9 /* SDImageCacheConfig.m */; };
		5A4532F21E13C5E60082DAF9 /* SDWebImageCompat.m in Sources */ = {isa = PBXBuildFile; fileRef = 5A4532D01E13C5E60082DAF9 /* SDWebImageCompat.m */; };
		5A4532F31E13C5E60082DAF9 /* SDWebImageDecoder.m in Sources */ = {isa = PBXBuildFile; fileRef = 5A4532D21E13C5E60082DAF9 /* SDWebImageDecoder.m */; };
		5A4532F41E13C5E60082DAF9 /* SDWebImageDownloader.m in Sources */ = {isa = PBXBuildFile; fileRef = 5A4532D41E13C5E60082DAF9 /* SDWebImageDownloader.m */; };
		5A4532F51E13C5E60082DAF9 /* SDWebImageDownloaderOperation.m in Sources */ = {isa = PBXBuildFile; fileRef = 5A4532D61E13C5E60082DAF9 /* SDWebImageDownloaderOperation.m */; };
		5A4532F61E13C5E60082DAF9 /* SDWebImageManager.m in Sources */ = {isa = PBXBuildFile; fileRef = 5A4532D81E13C5E60082DAF9 /* SDWebImageManager.m */; };
		5A4532F71E13C5E60082DAF9 /* SDWebImagePrefetcher.m in Sources */ = {isa = PBXBuildFile; fileRef = 5A4532DB1E13C5E60082DAF9 /* SDWebImagePrefetcher.m */; };
		5A4532F81E13C5E60082DAF9 /* UIButton+WebCache.m in Sources */ = {isa = PBXBuildFile; fileRef = 5A4532DD1E13C5E60082DAF9 /* UIButton+WebCache.m */; };
		5A4532F91E13C5E60082DAF9 /* UIImage+GIF.m in Sources */ = {isa = PBXBuildFile; fileRef = 5A4532DF1E13C5E60082DAF9 /* UIImage+GIF.m */; };
		5A4532FA1E13C5E60082DAF9 /* UIImage+MultiFormat.m in Sources */ = {isa = PBXBuildFile; fileRef = 5A4532E11E13C5E60082DAF9 /* UIImage+MultiFormat.m */; };
		5A4532FB1E13C5E60082DAF9 /* UIImage+WebP.m in Sources */ = {isa = PBXBuildFile; fileRef = 5A4532E31E13C5E60082DAF9 /* UIImage+WebP.m */; };
		5A4532FC1E13C5E60082DAF9 /* UIImageView+HighlightedWebCache.m in Sources */ = {isa = PBXBuildFile; fileRef = 5A4532E51E13C5E60082DAF9 /* UIImageView+HighlightedWebCache.m */; };
		5A4532FD1E13C5E60082DAF9 /* UIImageView+WebCache.m in Sources */ = {isa = PBXBuildFile; fileRef = 5A4532E71E13C5E60082DAF9 /* UIImageView+WebCache.m */; };
		5A4532FE1E13C5E60082DAF9 /* UIView+WebCache.m in Sources */ = {isa = PBXBuildFile; fileRef = 5A4532E91E13C5E60082DAF9 /* UIView+WebCache.m */; };
		5A4532FF1E13C5E60082DAF9 /* UIView+WebCacheOperation.m in Sources */ = {isa = PBXBuildFile; fileRef = 5A4532EB1E13C5E60082DAF9 /* UIView+WebCacheOperation.m */; };
		5A4533021E14F16D0082DAF9 /* NSDate+Extension.swift in Sources */ = {isa = PBXBuildFile; fileRef = 5A4533011E14F16D0082DAF9 /* NSDate+Extension.swift */; };
		5A4533041E150F6E0082DAF9 /* StatusViewModel.swift in Sources */ = {isa = PBXBuildFile; fileRef = 5A4533031E150F6E0082DAF9 /* StatusViewModel.swift */; };
		5A4576A01DAF9013004B9763 /* UIBarButtonItem+Extension.swift in Sources */ = {isa = PBXBuildFile; fileRef = 5A45769F1DAF9013004B9763 /* UIBarButtonItem+Extension.swift */; };
		5A6750EE1DB8727500FADBF2 /* LLQRCode.storyboard in Resources */ = {isa = PBXBuildFile; fileRef = 5A6750ED1DB8727500FADBF2 /* LLQRCode.storyboard */; };
		5A6750F01DB8747200FADBF2 /* LLQRCodeViewController.swift in Sources */ = {isa = PBXBuildFile; fileRef = 5A6750EF1DB8747200FADBF2 /* LLQRCodeViewController.swift */; };
		5A7845A61DA9DD260036409F /* LLMainViewController.swift in Sources */ = {isa = PBXBuildFile; fileRef = 5A7845A51DA9DD260036409F /* LLMainViewController.swift */; };
		5A7845A81DAA25090036409F /* LLHomeTableViewController.swift in Sources */ = {isa = PBXBuildFile; fileRef = 5A7845A71DAA25090036409F /* LLHomeTableViewController.swift */; };
		5A7845AA1DAA253F0036409F /* LLMessageTableViewController.swift in Sources */ = {isa = PBXBuildFile; fileRef = 5A7845A91DAA253F0036409F /* LLMessageTableViewController.swift */; };
		5A7845AC1DAA255C0036409F /* LLDiscoverTableViewController.swift in Sources */ = {isa = PBXBuildFile; fileRef = 5A7845AB1DAA255C0036409F /* LLDiscoverTableViewController.swift */; };
		5A7845AE1DAA25680036409F /* LLProfileTableViewController.swift in Sources */ = {isa = PBXBuildFile; fileRef = 5A7845AD1DAA25680036409F /* LLProfileTableViewController.swift */; };
		5AA6D2221DB4A685009E511B /* TitleButton.swift in Sources */ = {isa = PBXBuildFile; fileRef = 5AA6D2211DB4A685009E511B /* TitleButton.swift */; };
		5AA6D2251DB4C162009E511B /* LLPopover.storyboard in Resources */ = {isa = PBXBuildFile; fileRef = 5AA6D2241DB4C162009E511B /* LLPopover.storyboard */; };
		5AA6D2281DB4C538009E511B /* LLPopoverViewController.swift in Sources */ = {isa = PBXBuildFile; fileRef = 5AA6D2271DB4C538009E511B /* LLPopoverViewController.swift */; };
		5AA6D22A1DB4C589009E511B /* LLPresentationController.swift in Sources */ = {isa = PBXBuildFile; fileRef = 5AA6D2291DB4C589009E511B /* LLPresentationController.swift */; };
		5AA6D22C1DB4CEC2009E511B /* LLPresentationManager.swift in Sources */ = {isa = PBXBuildFile; fileRef = 5AA6D22B1DB4CEC2009E511B /* LLPresentationManager.swift */; };
		5AC7038D1DD1B3D900A723B3 /* AFNTool.swift in Sources */ = {isa = PBXBuildFile; fileRef = 5AC7038C1DD1B3D900A723B3 /* AFNTool.swift */; };
		5AC7038F1DD1B44400A723B3 /* Common.swift in Sources */ = {isa = PBXBuildFile; fileRef = 5AC7038E1DD1B44400A723B3 /* Common.swift */; };
		5AF7F29D1DB9F85E00C443A4 /* LLQRCodeCreateViewController.swift in Sources */ = {isa = PBXBuildFile; fileRef = 5AF7F29C1DB9F85E00C443A4 /* LLQRCodeCreateViewController.swift */; };
/* End PBXBuildFile section */

/* Begin PBXFileReference section */
		5A044DE21DC9D98900A0BD22 /* LLOAuthViewController.swift */ = {isa = PBXFileReference; fileEncoding = 4; lastKnownFileType = sourcecode.swift; path = LLOAuthViewController.swift; sourceTree = "<group>"; };
		5A044DE41DC9D99D00A0BD22 /* LLOAuth.storyboard */ = {isa = PBXFileReference; fileEncoding = 4; lastKnownFileType = file.storyboard; path = LLOAuth.storyboard; sourceTree = "<group>"; };
		5A39866B1D9BA843007872F6 /* testSwift.app */ = {isa = PBXFileReference; explicitFileType = wrapper.application; includeInIndex = 0; path = testSwift.app; sourceTree = BUILT_PRODUCTS_DIR; };
		5A39866E1D9BA843007872F6 /* AppDelegate.swift */ = {isa = PBXFileReference; lastKnownFileType = sourcecode.swift; path = AppDelegate.swift; sourceTree = "<group>"; };
		5A3986751D9BA843007872F6 /* Assets.xcassets */ = {isa = PBXFileReference; lastKnownFileType = folder.assetcatalog; path = Assets.xcassets; sourceTree = "<group>"; };
		5A39867A1D9BA843007872F6 /* Info.plist */ = {isa = PBXFileReference; lastKnownFileType = text.plist.xml; path = Info.plist; sourceTree = "<group>"; };
		5A40EDE91DDC3D3400489931 /* testSwift-Briding-Header.h */ = {isa = PBXFileReference; lastKnownFileType = sourcecode.c.h; path = "testSwift-Briding-Header.h"; sourceTree = "<group>"; };
		5A40EDEC1DDC42B200489931 /* AFHTTPSessionManager.h */ = {isa = PBXFileReference; fileEncoding = 4; lastKnownFileType = sourcecode.c.h; path = AFHTTPSessionManager.h; sourceTree = "<group>"; };
		5A40EDED1DDC42B200489931 /* AFHTTPSessionManager.m */ = {isa = PBXFileReference; fileEncoding = 4; lastKnownFileType = sourcecode.c.objc; path = AFHTTPSessionManager.m; sourceTree = "<group>"; };
		5A40EDEE1DDC42B200489931 /* AFNetworking.h */ = {isa = PBXFileReference; fileEncoding = 4; lastKnownFileType = sourcecode.c.h; path = AFNetworking.h; sourceTree = "<group>"; };
		5A40EDEF1DDC42B200489931 /* AFNetworkReachabilityManager.h */ = {isa = PBXFileReference; fileEncoding = 4; lastKnownFileType = sourcecode.c.h; path = AFNetworkReachabilityManager.h; sourceTree = "<group>"; };
		5A40EDF01DDC42B200489931 /* AFNetworkReachabilityManager.m */ = {isa = PBXFileReference; fileEncoding = 4; lastKnownFileType = sourcecode.c.objc; path = AFNetworkReachabilityManager.m; sourceTree = "<group>"; };
		5A40EDF11DDC42B200489931 /* AFSecurityPolicy.h */ = {isa = PBXFileReference; fileEncoding = 4; lastKnownFileType = sourcecode.c.h; path = AFSecurityPolicy.h; sourceTree = "<group>"; };
		5A40EDF21DDC42B200489931 /* AFSecurityPolicy.m */ = {isa = PBXFileReference; fileEncoding = 4; lastKnownFileType = sourcecode.c.objc; path = AFSecurityPolicy.m; sourceTree = "<group>"; };
		5A40EDF31DDC42B200489931 /* AFURLRequestSerialization.h */ = {isa = PBXFileReference; fileEncoding = 4; lastKnownFileType = sourcecode.c.h; path = AFURLRequestSerialization.h; sourceTree = "<group>"; };
		5A40EDF41DDC42B200489931 /* AFURLRequestSerialization.m */ = {isa = PBXFileReference; fileEncoding = 4; lastKnownFileType = sourcecode.c.objc; path = AFURLRequestSerialization.m; sourceTree = "<group>"; };
		5A40EDF51DDC42B200489931 /* AFURLResponseSerialization.h */ = {isa = PBXFileReference; fileEncoding = 4; lastKnownFileType = sourcecode.c.h; path = AFURLResponseSerialization.h; sourceTree = "<group>"; };
		5A40EDF61DDC42B200489931 /* AFURLResponseSerialization.m */ = {isa = PBXFileReference; fileEncoding = 4; lastKnownFileType = sourcecode.c.objc; path = AFURLResponseSerialization.m; sourceTree = "<group>"; };
		5A40EDF71DDC42B200489931 /* AFURLSessionManager.h */ = {isa = PBXFileReference; fileEncoding = 4; lastKnownFileType = sourcecode.c.h; path = AFURLSessionManager.h; sourceTree = "<group>"; };
		5A40EDF81DDC42B200489931 /* AFURLSessionManager.m */ = {isa = PBXFileReference; fileEncoding = 4; lastKnownFileType = sourcecode.c.objc; path = AFURLSessionManager.m; sourceTree = "<group>"; };
		5A40EE001DDC510200489931 /* SVIndefiniteAnimatedView.h */ = {isa = PBXFileReference; fileEncoding = 4; lastKnownFileType = sourcecode.c.h; path = SVIndefiniteAnimatedView.h; sourceTree = "<group>"; };
		5A40EE011DDC510200489931 /* SVIndefiniteAnimatedView.m */ = {isa = PBXFileReference; fileEncoding = 4; lastKnownFileType = sourcecode.c.objc; path = SVIndefiniteAnimatedView.m; sourceTree = "<group>"; };
		5A40EE021DDC510200489931 /* SVProgressAnimatedView.h */ = {isa = PBXFileReference; fileEncoding = 4; lastKnownFileType = sourcecode.c.h; path = SVProgressAnimatedView.h; sourceTree = "<group>"; };
		5A40EE031DDC510200489931 /* SVProgressAnimatedView.m */ = {isa = PBXFileReference; fileEncoding = 4; lastKnownFileType = sourcecode.c.objc; path = SVProgressAnimatedView.m; sourceTree = "<group>"; };
		5A40EE041DDC510200489931 /* SVProgressHUD-Prefix.pch */ = {isa = PBXFileReference; fileEncoding = 4; lastKnownFileType = sourcecode.c.h; path = "SVProgressHUD-Prefix.pch"; sourceTree = "<group>"; };
		5A40EE051DDC510200489931 /* SVProgressHUD.bundle */ = {isa = PBXFileReference; lastKnownFileType = "wrapper.plug-in"; path = SVProgressHUD.bundle; sourceTree = "<group>"; };
		5A40EE061DDC510200489931 /* SVProgressHUD.h */ = {isa = PBXFileReference; fileEncoding = 4; lastKnownFileType = sourcecode.c.h; path = SVProgressHUD.h; sourceTree = "<group>"; };
		5A40EE071DDC510200489931 /* SVProgressHUD.m */ = {isa = PBXFileReference; fileEncoding = 4; lastKnownFileType = sourcecode.c.objc; path = SVProgressHUD.m; sourceTree = "<group>"; };
		5A40EE081DDC510200489931 /* SVRadialGradientLayer.h */ = {isa = PBXFileReference; fileEncoding = 4; lastKnownFileType = sourcecode.c.h; path = SVRadialGradientLayer.h; sourceTree = "<group>"; };
		5A40EE091DDC510200489931 /* SVRadialGradientLayer.m */ = {isa = PBXFileReference; fileEncoding = 4; lastKnownFileType = sourcecode.c.objc; path = SVRadialGradientLayer.m; sourceTree = "<group>"; };
		5A40EE0F1DDC515100489931 /* SVPHUBTool.swift */ = {isa = PBXFileReference; fileEncoding = 4; lastKnownFileType = sourcecode.swift; path = SVPHUBTool.swift; sourceTree = "<group>"; };
		5A40EE111DDC562200489931 /* String+Extension.swift */ = {isa = PBXFileReference; fileEncoding = 4; lastKnownFileType = sourcecode.swift; path = "String+Extension.swift"; sourceTree = "<group>"; };
		5A40EE131DDC632E00489931 /* UserAccount.swift */ = {isa = PBXFileReference; fileEncoding = 4; lastKnownFileType = sourcecode.swift; path = UserAccount.swift; sourceTree = "<group>"; };
		5A4532B51E1367EA0082DAF9 /* LLUserSignViewController.swift */ = {isa = PBXFileReference; fileEncoding = 4; lastKnownFileType = sourcecode.swift; path = LLUserSignViewController.swift; sourceTree = "<group>"; };
		5A4532B71E1368030082DAF9 /* LLUserSign.storyboard */ = {isa = PBXFileReference; fileEncoding = 4; lastKnownFileType = file.storyboard; path = LLUserSign.storyboard; sourceTree = "<group>"; };
		5A4532B91E13A4B10082DAF9 /* StatusModel.swift */ = {isa = PBXFileReference; fileEncoding = 4; lastKnownFileType = sourcecode.swift; path = StatusModel.swift; sourceTree = "<group>"; };
		5A4532BB1E13A5150082DAF9 /* UserModel.swift */ = {isa = PBXFileReference; fileEncoding = 4; lastKnownFileType = sourcecode.swift; path = UserModel.swift; sourceTree = "<group>"; };
		5A4532BD1E13BAD00082DAF9 /* LLHomeCell.swift */ = {isa = PBXFileReference; fileEncoding = 4; lastKnownFileType = sourcecode.swift; path = LLHomeCell.swift; sourceTree = "<group>"; };
		5A4532BE1E13BAD00082DAF9 /* LLHomeCell.xib */ = {isa = PBXFileReference; fileEncoding = 4; lastKnownFileType = file.xib; path = LLHomeCell.xib; sourceTree = "<group>"; };
		5A4532C51E13C5E60082DAF9 /* MKAnnotationView+WebCache.h */ = {isa = PBXFileReference; fileEncoding = 4; lastKnownFileType = sourcecode.c.h; path = "MKAnnotationView+WebCache.h"; sourceTree = "<group>"; };
		5A4532C61E13C5E60082DAF9 /* MKAnnotationView+WebCache.m */ = {isa = PBXFileReference; fileEncoding = 4; lastKnownFileType = sourcecode.c.objc; path = "MKAnnotationView+WebCache.m"; sourceTree = "<group>"; };
		5A4532C71E13C5E60082DAF9 /* NSData+ImageContentType.h */ = {isa = PBXFileReference; fileEncoding = 4; lastKnownFileType = sourcecode.c.h; path = "NSData+ImageContentType.h"; sourceTree = "<group>"; };
		5A4532C81E13C5E60082DAF9 /* NSData+ImageContentType.m */ = {isa = PBXFileReference; fileEncoding = 4; lastKnownFileType = sourcecode.c.objc; path = "NSData+ImageContentType.m"; sourceTree = "<group>"; };
		5A4532C91E13C5E60082DAF9 /* NSImage+WebCache.h */ = {isa = PBXFileReference; fileEncoding = 4; lastKnownFileType = sourcecode.c.h; path = "NSImage+WebCache.h"; sourceTree = "<group>"; };
		5A4532CA1E13C5E60082DAF9 /* NSImage+WebCache.m */ = {isa = PBXFileReference; fileEncoding = 4; lastKnownFileType = sourcecode.c.objc; path = "NSImage+WebCache.m"; sourceTree = "<group>"; };
		5A4532CB1E13C5E60082DAF9 /* SDImageCache.h */ = {isa = PBXFileReference; fileEncoding = 4; lastKnownFileType = sourcecode.c.h; path = SDImageCache.h; sourceTree = "<group>"; };
		5A4532CC1E13C5E60082DAF9 /* SDImageCache.m */ = {isa = PBXFileReference; fileEncoding = 4; lastKnownFileType = sourcecode.c.objc; path = SDImageCache.m; sourceTree = "<group>"; };
		5A4532CD1E13C5E60082DAF9 /* SDImageCacheConfig.h */ = {isa = PBXFileReference; fileEncoding = 4; lastKnownFileType = sourcecode.c.h; path = SDImageCacheConfig.h; sourceTree = "<group>"; };
		5A4532CE1E13C5E60082DAF9 /* SDImageCacheConfig.m */ = {isa = PBXFileReference; fileEncoding = 4; lastKnownFileType = sourcecode.c.objc; path = SDImageCacheConfig.m; sourceTree = "<group>"; };
		5A4532CF1E13C5E60082DAF9 /* SDWebImageCompat.h */ = {isa = PBXFileReference; fileEncoding = 4; lastKnownFileType = sourcecode.c.h; path = SDWebImageCompat.h; sourceTree = "<group>"; };
		5A4532D01E13C5E60082DAF9 /* SDWebImageCompat.m */ = {isa = PBXFileReference; fileEncoding = 4; lastKnownFileType = sourcecode.c.objc; path = SDWebImageCompat.m; sourceTree = "<group>"; };
		5A4532D11E13C5E60082DAF9 /* SDWebImageDecoder.h */ = {isa = PBXFileReference; fileEncoding = 4; lastKnownFileType = sourcecode.c.h; path = SDWebImageDecoder.h; sourceTree = "<group>"; };
		5A4532D21E13C5E60082DAF9 /* SDWebImageDecoder.m */ = {isa = PBXFileReference; fileEncoding = 4; lastKnownFileType = sourcecode.c.objc; path = SDWebImageDecoder.m; sourceTree = "<group>"; };
		5A4532D31E13C5E60082DAF9 /* SDWebImageDownloader.h */ = {isa = PBXFileReference; fileEncoding = 4; lastKnownFileType = sourcecode.c.h; path = SDWebImageDownloader.h; sourceTree = "<group>"; };
		5A4532D41E13C5E60082DAF9 /* SDWebImageDownloader.m */ = {isa = PBXFileReference; fileEncoding = 4; lastKnownFileType = sourcecode.c.objc; path = SDWebImageDownloader.m; sourceTree = "<group>"; };
		5A4532D51E13C5E60082DAF9 /* SDWebImageDownloaderOperation.h */ = {isa = PBXFileReference; fileEncoding = 4; lastKnownFileType = sourcecode.c.h; path = SDWebImageDownloaderOperation.h; sourceTree = "<group>"; };
		5A4532D61E13C5E60082DAF9 /* SDWebImageDownloaderOperation.m */ = {isa = PBXFileReference; fileEncoding = 4; lastKnownFileType = sourcecode.c.objc; path = SDWebImageDownloaderOperation.m; sourceTree = "<group>"; };
		5A4532D71E13C5E60082DAF9 /* SDWebImageManager.h */ = {isa = PBXFileReference; fileEncoding = 4; lastKnownFileType = sourcecode.c.h; path = SDWebImageManager.h; sourceTree = "<group>"; };
		5A4532D81E13C5E60082DAF9 /* SDWebImageManager.m */ = {isa = PBXFileReference; fileEncoding = 4; lastKnownFileType = sourcecode.c.objc; path = SDWebImageManager.m; sourceTree = "<group>"; };
		5A4532D91E13C5E60082DAF9 /* SDWebImageOperation.h */ = {isa = PBXFileReference; fileEncoding = 4; lastKnownFileType = sourcecode.c.h; path = SDWebImageOperation.h; sourceTree = "<group>"; };
		5A4532DA1E13C5E60082DAF9 /* SDWebImagePrefetcher.h */ = {isa = PBXFileReference; fileEncoding = 4; lastKnownFileType = sourcecode.c.h; path = SDWebImagePrefetcher.h; sourceTree = "<group>"; };
		5A4532DB1E13C5E60082DAF9 /* SDWebImagePrefetcher.m */ = {isa = PBXFileReference; fileEncoding = 4; lastKnownFileType = sourcecode.c.objc; path = SDWebImagePrefetcher.m; sourceTree = "<group>"; };
		5A4532DC1E13C5E60082DAF9 /* UIButton+WebCache.h */ = {isa = PBXFileReference; fileEncoding = 4; lastKnownFileType = sourcecode.c.h; path = "UIButton+WebCache.h"; sourceTree = "<group>"; };
		5A4532DD1E13C5E60082DAF9 /* UIButton+WebCache.m */ = {isa = PBXFileReference; fileEncoding = 4; lastKnownFileType = sourcecode.c.objc; path = "UIButton+WebCache.m"; sourceTree = "<group>"; };
		5A4532DE1E13C5E60082DAF9 /* UIImage+GIF.h */ = {isa = PBXFileReference; fileEncoding = 4; lastKnownFileType = sourcecode.c.h; path = "UIImage+GIF.h"; sourceTree = "<group>"; };
		5A4532DF1E13C5E60082DAF9 /* UIImage+GIF.m */ = {isa = PBXFileReference; fileEncoding = 4; lastKnownFileType = sourcecode.c.objc; path = "UIImage+GIF.m"; sourceTree = "<group>"; };
		5A4532E01E13C5E60082DAF9 /* UIImage+MultiFormat.h */ = {isa = PBXFileReference; fileEncoding = 4; lastKnownFileType = sourcecode.c.h; path = "UIImage+MultiFormat.h"; sourceTree = "<group>"; };
		5A4532E11E13C5E60082DAF9 /* UIImage+MultiFormat.m */ = {isa = PBXFileReference; fileEncoding = 4; lastKnownFileType = sourcecode.c.objc; path = "UIImage+MultiFormat.m"; sourceTree = "<group>"; };
		5A4532E21E13C5E60082DAF9 /* UIImage+WebP.h */ = {isa = PBXFileReference; fileEncoding = 4; lastKnownFileType = sourcecode.c.h; path = "UIImage+WebP.h"; sourceTree = "<group>"; };
		5A4532E31E13C5E60082DAF9 /* UIImage+WebP.m */ = {isa = PBXFileReference; fileEncoding = 4; lastKnownFileType = sourcecode.c.objc; path = "UIImage+WebP.m"; sourceTree = "<group>"; };
		5A4532E41E13C5E60082DAF9 /* UIImageView+HighlightedWebCache.h */ = {isa = PBXFileReference; fileEncoding = 4; lastKnownFileType = sourcecode.c.h; path = "UIImageView+HighlightedWebCache.h"; sourceTree = "<group>"; };
		5A4532E51E13C5E60082DAF9 /* UIImageView+HighlightedWebCache.m */ = {isa = PBXFileReference; fileEncoding = 4; lastKnownFileType = sourcecode.c.objc; path = "UIImageView+HighlightedWebCache.m"; sourceTree = "<group>"; };
		5A4532E61E13C5E60082DAF9 /* UIImageView+WebCache.h */ = {isa = PBXFileReference; fileEncoding = 4; lastKnownFileType = sourcecode.c.h; path = "UIImageView+WebCache.h"; sourceTree = "<group>"; };
		5A4532E71E13C5E60082DAF9 /* UIImageView+WebCache.m */ = {isa = PBXFileReference; fileEncoding = 4; lastKnownFileType = sourcecode.c.objc; path = "UIImageView+WebCache.m"; sourceTree = "<group>"; };
		5A4532E81E13C5E60082DAF9 /* UIView+WebCache.h */ = {isa = PBXFileReference; fileEncoding = 4; lastKnownFileType = sourcecode.c.h; path = "UIView+WebCache.h"; sourceTree = "<group>"; };
		5A4532E91E13C5E60082DAF9 /* UIView+WebCache.m */ = {isa = PBXFileReference; fileEncoding = 4; lastKnownFileType = sourcecode.c.objc; path = "UIView+WebCache.m"; sourceTree = "<group>"; };
		5A4532EA1E13C5E60082DAF9 /* UIView+WebCacheOperation.h */ = {isa = PBXFileReference; fileEncoding = 4; lastKnownFileType = sourcecode.c.h; path = "UIView+WebCacheOperation.h"; sourceTree = "<group>"; };
		5A4532EB1E13C5E60082DAF9 /* UIView+WebCacheOperation.m */ = {isa = PBXFileReference; fileEncoding = 4; lastKnownFileType = sourcecode.c.objc; path = "UIView+WebCacheOperation.m"; sourceTree = "<group>"; };
		5A4533011E14F16D0082DAF9 /* NSDate+Extension.swift */ = {isa = PBXFileReference; fileEncoding = 4; lastKnownFileType = sourcecode.swift; path = "NSDate+Extension.swift"; sourceTree = "<group>"; };
		5A4533031E150F6E0082DAF9 /* StatusViewModel.swift */ = {isa = PBXFileReference; fileEncoding = 4; lastKnownFileType = sourcecode.swift; path = StatusViewModel.swift; sourceTree = "<group>"; };
		5A45769F1DAF9013004B9763 /* UIBarButtonItem+Extension.swift */ = {isa = PBXFileReference; fileEncoding = 4; lastKnownFileType = sourcecode.swift; path = "UIBarButtonItem+Extension.swift"; sourceTree = "<group>"; };
		5A6750ED1DB8727500FADBF2 /* LLQRCode.storyboard */ = {isa = PBXFileReference; fileEncoding = 4; lastKnownFileType = file.storyboard; path = LLQRCode.storyboard; sourceTree = "<group>"; };
		5A6750EF1DB8747200FADBF2 /* LLQRCodeViewController.swift */ = {isa = PBXFileReference; fileEncoding = 4; lastKnownFileType = sourcecode.swift; path = LLQRCodeViewController.swift; sourceTree = "<group>"; };
		5A7845A51DA9DD260036409F /* LLMainViewController.swift */ = {isa = PBXFileReference; fileEncoding = 4; lastKnownFileType = sourcecode.swift; path = LLMainViewController.swift; sourceTree = "<group>"; };
		5A7845A71DAA25090036409F /* LLHomeTableViewController.swift */ = {isa = PBXFileReference; fileEncoding = 4; lastKnownFileType = sourcecode.swift; path = LLHomeTableViewController.swift; sourceTree = "<group>"; };
		5A7845A91DAA253F0036409F /* LLMessageTableViewController.swift */ = {isa = PBXFileReference; fileEncoding = 4; lastKnownFileType = sourcecode.swift; path = LLMessageTableViewController.swift; sourceTree = "<group>"; };
		5A7845AB1DAA255C0036409F /* LLDiscoverTableViewController.swift */ = {isa = PBXFileReference; fileEncoding = 4; lastKnownFileType = sourcecode.swift; path = LLDiscoverTableViewController.swift; sourceTree = "<group>"; };
		5A7845AD1DAA25680036409F /* LLProfileTableViewController.swift */ = {isa = PBXFileReference; fileEncoding = 4; lastKnownFileType = sourcecode.swift; path = LLProfileTableViewController.swift; sourceTree = "<group>"; };
		5AA6D2211DB4A685009E511B /* TitleButton.swift */ = {isa = PBXFileReference; fileEncoding = 4; lastKnownFileType = sourcecode.swift; path = TitleButton.swift; sourceTree = "<group>"; };
		5AA6D2241DB4C162009E511B /* LLPopover.storyboard */ = {isa = PBXFileReference; fileEncoding = 4; lastKnownFileType = file.storyboard; path = LLPopover.storyboard; sourceTree = "<group>"; };
		5AA6D2271DB4C538009E511B /* LLPopoverViewController.swift */ = {isa = PBXFileReference; fileEncoding = 4; lastKnownFileType = sourcecode.swift; path = LLPopoverViewController.swift; sourceTree = "<group>"; };
		5AA6D2291DB4C589009E511B /* LLPresentationController.swift */ = {isa = PBXFileReference; fileEncoding = 4; lastKnownFileType = sourcecode.swift; path = LLPresentationController.swift; sourceTree = "<group>"; };
		5AA6D22B1DB4CEC2009E511B /* LLPresentationManager.swift */ = {isa = PBXFileReference; fileEncoding = 4; lastKnownFileType = sourcecode.swift; path = LLPresentationManager.swift; sourceTree = "<group>"; };
		5AC7038C1DD1B3D900A723B3 /* AFNTool.swift */ = {isa = PBXFileReference; fileEncoding = 4; lastKnownFileType = sourcecode.swift; path = AFNTool.swift; sourceTree = "<group>"; };
		5AC7038E1DD1B44400A723B3 /* Common.swift */ = {isa = PBXFileReference; fileEncoding = 4; lastKnownFileType = sourcecode.swift; path = Common.swift; sourceTree = "<group>"; };
		5AF7F29C1DB9F85E00C443A4 /* LLQRCodeCreateViewController.swift */ = {isa = PBXFileReference; fileEncoding = 4; lastKnownFileType = sourcecode.swift; path = LLQRCodeCreateViewController.swift; sourceTree = "<group>"; };
/* End PBXFileReference section */

/* Begin PBXFrameworksBuildPhase section */
		5A3986681D9BA843007872F6 /* Frameworks */ = {
			isa = PBXFrameworksBuildPhase;
			buildActionMask = 2147483647;
			files = (
			);
			runOnlyForDeploymentPostprocessing = 0;
		};
/* End PBXFrameworksBuildPhase section */

/* Begin PBXGroup section */
		5A044DE11DC9D96F00A0BD22 /* OAuth */ = {
			isa = PBXGroup;
			children = (
				5A044DE21DC9D98900A0BD22 /* LLOAuthViewController.swift */,
				5A044DE41DC9D99D00A0BD22 /* LLOAuth.storyboard */,
				5A40EE131DDC632E00489931 /* UserAccount.swift */,
			);
			path = OAuth;
			sourceTree = "<group>";
		};
		5A3986621D9BA843007872F6 = {
			isa = PBXGroup;
			children = (
				5A39866D1D9BA843007872F6 /* testSwift */,
				5A39866C1D9BA843007872F6 /* Products */,
			);
			sourceTree = "<group>";
		};
		5A39866C1D9BA843007872F6 /* Products */ = {
			isa = PBXGroup;
			children = (
				5A39866B1D9BA843007872F6 /* testSwift.app */,
			);
			name = Products;
			sourceTree = "<group>";
		};
		5A39866D1D9BA843007872F6 /* testSwift */ = {
			isa = PBXGroup;
			children = (
				5A78459E1DA9DCC30036409F /* Classes */,
				5A39866E1D9BA843007872F6 /* AppDelegate.swift */,
				5A3986751D9BA843007872F6 /* Assets.xcassets */,
				5A39867A1D9BA843007872F6 /* Info.plist */,
			);
			path = testSwift;
			sourceTree = "<group>";
		};
		5A40EDEA1DDC429E00489931 /* Lib */ = {
			isa = PBXGroup;
			children = (
				5A4532C11E13C5E60082DAF9 /* SDWebImage */,
				5A40EDFF1DDC510200489931 /* SVProgressHUD */,
				5A40EDEB1DDC42B200489931 /* AFNetworking */,
			);
			path = Lib;
			sourceTree = "<group>";
		};
		5A40EDEB1DDC42B200489931 /* AFNetworking */ = {
			isa = PBXGroup;
			children = (
				5A40EDEC1DDC42B200489931 /* AFHTTPSessionManager.h */,
				5A40EDED1DDC42B200489931 /* AFHTTPSessionManager.m */,
				5A40EDEE1DDC42B200489931 /* AFNetworking.h */,
				5A40EDEF1DDC42B200489931 /* AFNetworkReachabilityManager.h */,
				5A40EDF01DDC42B200489931 /* AFNetworkReachabilityManager.m */,
				5A40EDF11DDC42B200489931 /* AFSecurityPolicy.h */,
				5A40EDF21DDC42B200489931 /* AFSecurityPolicy.m */,
				5A40EDF31DDC42B200489931 /* AFURLRequestSerialization.h */,
				5A40EDF41DDC42B200489931 /* AFURLRequestSerialization.m */,
				5A40EDF51DDC42B200489931 /* AFURLResponseSerialization.h */,
				5A40EDF61DDC42B200489931 /* AFURLResponseSerialization.m */,
				5A40EDF71DDC42B200489931 /* AFURLSessionManager.h */,
				5A40EDF81DDC42B200489931 /* AFURLSessionManager.m */,
			);
			path = AFNetworking;
			sourceTree = "<group>";
		};
		5A40EDFF1DDC510200489931 /* SVProgressHUD */ = {
			isa = PBXGroup;
			children = (
				5A40EE001DDC510200489931 /* SVIndefiniteAnimatedView.h */,
				5A40EE011DDC510200489931 /* SVIndefiniteAnimatedView.m */,
				5A40EE021DDC510200489931 /* SVProgressAnimatedView.h */,
				5A40EE031DDC510200489931 /* SVProgressAnimatedView.m */,
				5A40EE041DDC510200489931 /* SVProgressHUD-Prefix.pch */,
				5A40EE051DDC510200489931 /* SVProgressHUD.bundle */,
				5A40EE061DDC510200489931 /* SVProgressHUD.h */,
				5A40EE071DDC510200489931 /* SVProgressHUD.m */,
				5A40EE081DDC510200489931 /* SVRadialGradientLayer.h */,
				5A40EE091DDC510200489931 /* SVRadialGradientLayer.m */,
			);
			path = SVProgressHUD;
			sourceTree = "<group>";
		};
		5A4532B21E1367360082DAF9 /* UserSign */ = {
			isa = PBXGroup;
			children = (
				5A4532B51E1367EA0082DAF9 /* LLUserSignViewController.swift */,
				5A4532B71E1368030082DAF9 /* LLUserSign.storyboard */,
			);
			path = UserSign;
			sourceTree = "<group>";
		};
		5A4532C11E13C5E60082DAF9 /* SDWebImage */ = {
			isa = PBXGroup;
			children = (
				5A4532C51E13C5E60082DAF9 /* MKAnnotationView+WebCache.h */,
				5A4532C61E13C5E60082DAF9 /* MKAnnotationView+WebCache.m */,
				5A4532C71E13C5E60082DAF9 /* NSData+ImageContentType.h */,
				5A4532C81E13C5E60082DAF9 /* NSData+ImageContentType.m */,
				5A4532C91E13C5E60082DAF9 /* NSImage+WebCache.h */,
				5A4532CA1E13C5E60082DAF9 /* NSImage+WebCache.m */,
				5A4532CB1E13C5E60082DAF9 /* SDImageCache.h */,
				5A4532CC1E13C5E60082DAF9 /* SDImageCache.m */,
				5A4532CD1E13C5E60082DAF9 /* SDImageCacheConfig.h */,
				5A4532CE1E13C5E60082DAF9 /* SDImageCacheConfig.m */,
				5A4532CF1E13C5E60082DAF9 /* SDWebImageCompat.h */,
				5A4532D01E13C5E60082DAF9 /* SDWebImageCompat.m */,
				5A4532D11E13C5E60082DAF9 /* SDWebImageDecoder.h */,
				5A4532D21E13C5E60082DAF9 /* SDWebImageDecoder.m */,
				5A4532D31E13C5E60082DAF9 /* SDWebImageDownloader.h */,
				5A4532D41E13C5E60082DAF9 /* SDWebImageDownloader.m */,
				5A4532D51E13C5E60082DAF9 /* SDWebImageDownloaderOperation.h */,
				5A4532D61E13C5E60082DAF9 /* SDWebImageDownloaderOperation.m */,
				5A4532D71E13C5E60082DAF9 /* SDWebImageManager.h */,
				5A4532D81E13C5E60082DAF9 /* SDWebImageManager.m */,
				5A4532D91E13C5E60082DAF9 /* SDWebImageOperation.h */,
				5A4532DA1E13C5E60082DAF9 /* SDWebImagePrefetcher.h */,
				5A4532DB1E13C5E60082DAF9 /* SDWebImagePrefetcher.m */,
				5A4532DC1E13C5E60082DAF9 /* UIButton+WebCache.h */,
				5A4532DD1E13C5E60082DAF9 /* UIButton+WebCache.m */,
				5A4532DE1E13C5E60082DAF9 /* UIImage+GIF.h */,
				5A4532DF1E13C5E60082DAF9 /* UIImage+GIF.m */,
				5A4532E01E13C5E60082DAF9 /* UIImage+MultiFormat.h */,
				5A4532E11E13C5E60082DAF9 /* UIImage+MultiFormat.m */,
				5A4532E21E13C5E60082DAF9 /* UIImage+WebP.h */,
				5A4532E31E13C5E60082DAF9 /* UIImage+WebP.m */,
				5A4532E41E13C5E60082DAF9 /* UIImageView+HighlightedWebCache.h */,
				5A4532E51E13C5E60082DAF9 /* UIImageView+HighlightedWebCache.m */,
				5A4532E61E13C5E60082DAF9 /* UIImageView+WebCache.h */,
				5A4532E71E13C5E60082DAF9 /* UIImageView+WebCache.m */,
				5A4532E81E13C5E60082DAF9 /* UIView+WebCache.h */,
				5A4532E91E13C5E60082DAF9 /* UIView+WebCache.m */,
				5A4532EA1E13C5E60082DAF9 /* UIView+WebCacheOperation.h */,
				5A4532EB1E13C5E60082DAF9 /* UIView+WebCacheOperation.m */,
			);
			path = SDWebImage;
			sourceTree = "<group>";
		};
		5A45769E1DAF8F82004B9763 /* Category */ = {
			isa = PBXGroup;
			children = (
				5A45769F1DAF9013004B9763 /* UIBarButtonItem+Extension.swift */,
				5AA6D2211DB4A685009E511B /* TitleButton.swift */,
				5A40EE111DDC562200489931 /* String+Extension.swift */,
				5A4533011E14F16D0082DAF9 /* NSDate+Extension.swift */,
			);
			path = Category;
			sourceTree = "<group>";
		};
		5A6750EC1DB86D6A00FADBF2 /* QRCode */ = {
			isa = PBXGroup;
			children = (
				5A6750ED1DB8727500FADBF2 /* LLQRCode.storyboard */,
				5A6750EF1DB8747200FADBF2 /* LLQRCodeViewController.swift */,
				5AF7F29C1DB9F85E00C443A4 /* LLQRCodeCreateViewController.swift */,
			);
			path = QRCode;
			sourceTree = "<group>";
		};
		5A78459E1DA9DCC30036409F /* Classes */ = {
			isa = PBXGroup;
			children = (
				5A4532B21E1367360082DAF9 /* UserSign */,
				5A044DE11DC9D96F00A0BD22 /* OAuth */,
				5A7845A11DA9DCC30036409F /* Main */,
				5A7845A01DA9DCC30036409F /* Home */,
				5A7845A21DA9DCC30036409F /* Message */,
				5A78459F1DA9DCC30036409F /* Discover */,
				5A7845A31DA9DCC30036409F /* Profile */,
				5A7845A41DA9DCC30036409F /* Tools */,
			);
			path = Classes;
			sourceTree = "<group>";
		};
		5A78459F1DA9DCC30036409F /* Discover */ = {
			isa = PBXGroup;
			children = (
				5A7845AB1DAA255C0036409F /* LLDiscoverTableViewController.swift */,
			);
			path = Discover;
			sourceTree = "<group>";
		};
		5A7845A01DA9DCC30036409F /* Home */ = {
			isa = PBXGroup;
			children = (
				5A6750EC1DB86D6A00FADBF2 /* QRCode */,
				5AA6D2231DB4C12F009E511B /* Popover */,
				5A7845A71DAA25090036409F /* LLHomeTableViewController.swift */,
				5A4532BB1E13A5150082DAF9 /* UserModel.swift */,
				5A4532B91E13A4B10082DAF9 /* StatusModel.swift */,
				5A4533031E150F6E0082DAF9 /* StatusViewModel.swift */,
				5A4532BD1E13BAD00082DAF9 /* LLHomeCell.swift */,
				5A4532BE1E13BAD00082DAF9 /* LLHomeCell.xib */,
			);
			path = Home;
			sourceTree = "<group>";
		};
		5A7845A11DA9DCC30036409F /* Main */ = {
			isa = PBXGroup;
			children = (
				5A7845A51DA9DD260036409F /* LLMainViewController.swift */,
			);
			path = Main;
			sourceTree = "<group>";
		};
		5A7845A21DA9DCC30036409F /* Message */ = {
			isa = PBXGroup;
			children = (
				5A7845A91DAA253F0036409F /* LLMessageTableViewController.swift */,
			);
			path = Message;
			sourceTree = "<group>";
		};
		5A7845A31DA9DCC30036409F /* Profile */ = {
			isa = PBXGroup;
			children = (
				5A7845AD1DAA25680036409F /* LLProfileTableViewController.swift */,
			);
			path = Profile;
			sourceTree = "<group>";
		};
		5A7845A41DA9DCC30036409F /* Tools */ = {
			isa = PBXGroup;
			children = (
				5A40EDEA1DDC429E00489931 /* Lib */,
				5A45769E1DAF8F82004B9763 /* Category */,
				5AC7038C1DD1B3D900A723B3 /* AFNTool.swift */,
				5A40EE0F1DDC515100489931 /* SVPHUBTool.swift */,
				5AC7038E1DD1B44400A723B3 /* Common.swift */,
				5A40EDE91DDC3D3400489931 /* testSwift-Briding-Header.h */,
			);
			path = Tools;
			sourceTree = "<group>";
		};
		5AA6D2231DB4C12F009E511B /* Popover */ = {
			isa = PBXGroup;
			children = (
				5AA6D2241DB4C162009E511B /* LLPopover.storyboard */,
				5AA6D2271DB4C538009E511B /* LLPopoverViewController.swift */,
				5AA6D2291DB4C589009E511B /* LLPresentationController.swift */,
				5AA6D22B1DB4CEC2009E511B /* LLPresentationManager.swift */,
			);
			path = Popover;
			sourceTree = "<group>";
		};
/* End PBXGroup section */

/* Begin PBXNativeTarget section */
		5A39866A1D9BA843007872F6 /* testSwift */ = {
			isa = PBXNativeTarget;
			buildConfigurationList = 5A39867D1D9BA843007872F6 /* Build configuration list for PBXNativeTarget "testSwift" */;
			buildPhases = (
				5A3986671D9BA843007872F6 /* Sources */,
				5A3986681D9BA843007872F6 /* Frameworks */,
				5A3986691D9BA843007872F6 /* Resources */,
			);
			buildRules = (
			);
			dependencies = (
			);
			name = testSwift;
			productName = testSwift;
			productReference = 5A39866B1D9BA843007872F6 /* testSwift.app */;
			productType = "com.apple.product-type.application";
		};
/* End PBXNativeTarget section */

/* Begin PBXProject section */
		5A3986631D9BA843007872F6 /* Project object */ = {
			isa = PBXProject;
			attributes = {
				LastSwiftUpdateCheck = 0800;
				LastUpgradeCheck = 0820;
				ORGANIZATIONNAME = licheng;
				TargetAttributes = {
					5A39866A1D9BA843007872F6 = {
						CreatedOnToolsVersion = 8.0;
						DevelopmentTeam = HM3SKD457V;
						ProvisioningStyle = Automatic;
					};
				};
			};
			buildConfigurationList = 5A3986661D9BA843007872F6 /* Build configuration list for PBXProject "testSwift" */;
			compatibilityVersion = "Xcode 3.2";
			developmentRegion = English;
			hasScannedForEncodings = 0;
			knownRegions = (
				en,
				Base,
			);
			mainGroup = 5A3986621D9BA843007872F6;
			productRefGroup = 5A39866C1D9BA843007872F6 /* Products */;
			projectDirPath = "";
			projectRoot = "";
			targets = (
				5A39866A1D9BA843007872F6 /* testSwift */,
			);
		};
/* End PBXProject section */

/* Begin PBXResourcesBuildPhase section */
		5A3986691D9BA843007872F6 /* Resources */ = {
			isa = PBXResourcesBuildPhase;
			buildActionMask = 2147483647;
			files = (
				5A4532B81E1368030082DAF9 /* LLUserSign.storyboard in Resources */,
				5A40EE0C1DDC510200489931 /* SVProgressHUD.bundle in Resources */,
				5AA6D2251DB4C162009E511B /* LLPopover.storyboard in Resources */,
				5A4532C01E13BAD00082DAF9 /* LLHomeCell.xib in Resources */,
				5A6750EE1DB8727500FADBF2 /* LLQRCode.storyboard in Resources */,
				5A044DE51DC9D99D00A0BD22 /* LLOAuth.storyboard in Resources */,
				5A3986761D9BA843007872F6 /* Assets.xcassets in Resources */,
			);
			runOnlyForDeploymentPostprocessing = 0;
		};
/* End PBXResourcesBuildPhase section */

/* Begin PBXSourcesBuildPhase section */
		5A3986671D9BA843007872F6 /* Sources */ = {
			isa = PBXSourcesBuildPhase;
			buildActionMask = 2147483647;
			files = (
				5A4532F31E13C5E60082DAF9 /* SDWebImageDecoder.m in Sources */,
				5A4532F61E13C5E60082DAF9 /* SDWebImageManager.m in Sources */,
				5AA6D2281DB4C538009E511B /* LLPopoverViewController.swift in Sources */,
				5AA6D22A1DB4C589009E511B /* LLPresentationController.swift in Sources */,
				5A7845A61DA9DD260036409F /* LLMainViewController.swift in Sources */,
				5AC7038D1DD1B3D900A723B3 /* AFNTool.swift in Sources */,
				5AC7038F1DD1B44400A723B3 /* Common.swift in Sources */,
				5A7845A81DAA25090036409F /* LLHomeTableViewController.swift in Sources */,
				5A6750F01DB8747200FADBF2 /* LLQRCodeViewController.swift in Sources */,
				5A40EDFC1DDC42B200489931 /* AFURLRequestSerialization.m in Sources */,
				5A40EE121DDC562200489931 /* String+Extension.swift in Sources */,
				5A4532FB1E13C5E60082DAF9 /* UIImage+WebP.m in Sources */,
				5AA6D22C1DB4CEC2009E511B /* LLPresentationManager.swift in Sources */,
				5A40EE0E1DDC510200489931 /* SVRadialGradientLayer.m in Sources */,
				5A40EE141DDC632E00489931 /* UserAccount.swift in Sources */,
				5A40EDFB1DDC42B200489931 /* AFSecurityPolicy.m in Sources */,
				5A4532BF1E13BAD00082DAF9 /* LLHomeCell.swift in Sources */,
				5A4533021E14F16D0082DAF9 /* NSDate+Extension.swift in Sources */,
				5A4532FA1E13C5E60082DAF9 /* UIImage+MultiFormat.m in Sources */,
				5A4532FC1E13C5E60082DAF9 /* UIImageView+HighlightedWebCache.m in Sources */,
				5AA6D2221DB4A685009E511B /* TitleButton.swift in Sources */,
				5A4532BA1E13A4B10082DAF9 /* StatusModel.swift in Sources */,
				5A39866F1D9BA843007872F6 /* AppDelegate.swift in Sources */,
				5A4532F91E13C5E60082DAF9 /* UIImage+GIF.m in Sources */,
				5A4532F21E13C5E60082DAF9 /* SDWebImageCompat.m in Sources */,
				5A40EE0D1DDC510200489931 /* SVProgressHUD.m in Sources */,
				5A4532ED1E13C5E60082DAF9 /* MKAnnotationView+WebCache.m in Sources */,
				5A40EDFA1DDC42B200489931 /* AFNetworkReachabilityManager.m in Sources */,
				5AF7F29D1DB9F85E00C443A4 /* LLQRCodeCreateViewController.swift in Sources */,
				5A4532F51E13C5E60082DAF9 /* SDWebImageDownloaderOperation.m in Sources */,
				5A4532B61E1367EA0082DAF9 /* LLUserSignViewController.swift in Sources */,
				5A4532EE1E13C5E60082DAF9 /* NSData+ImageContentType.m in Sources */,
				5A4576A01DAF9013004B9763 /* UIBarButtonItem+Extension.swift in Sources */,
				5A4532F11E13C5E60082DAF9 /* SDImageCacheConfig.m in Sources */,
				5A4533041E150F6E0082DAF9 /* StatusViewModel.swift in Sources */,
				5A40EDFE1DDC42B200489931 /* AFURLSessionManager.m in Sources */,
				5A044DE31DC9D98900A0BD22 /* LLOAuthViewController.swift in Sources */,
				5A7845AC1DAA255C0036409F /* LLDiscoverTableViewController.swift in Sources */,
				5A40EE0A1DDC510200489931 /* SVIndefiniteAnimatedView.m in Sources */,
				5A4532FD1E13C5E60082DAF9 /* UIImageView+WebCache.m in Sources */,
				5A7845AA1DAA253F0036409F /* LLMessageTableViewController.swift in Sources */,
				5A4532EF1E13C5E60082DAF9 /* NSImage+WebCache.m in Sources */,
				5A4532F71E13C5E60082DAF9 /* SDWebImagePrefetcher.m in Sources */,
				5A4532FE1E13C5E60082DAF9 /* UIView+WebCache.m in Sources */,
				5A4532FF1E13C5E60082DAF9 /* UIView+WebCacheOperation.m in Sources */,
				5A4532BC1E13A5150082DAF9 /* UserModel.swift in Sources */,
				5A40EDF91DDC42B200489931 /* AFHTTPSessionManager.m in Sources */,
				5A4532F01E13C5E60082DAF9 /* SDImageCache.m in Sources */,
				5A40EDFD1DDC42B200489931 /* AFURLResponseSerialization.m in Sources */,
				5A7845AE1DAA25680036409F /* LLProfileTableViewController.swift in Sources */,
				5A40EE0B1DDC510200489931 /* SVProgressAnimatedView.m in Sources */,
				5A4532F81E13C5E60082DAF9 /* UIButton+WebCache.m in Sources */,
				5A4532F41E13C5E60082DAF9 /* SDWebImageDownloader.m in Sources */,
				5A40EE101DDC515100489931 /* SVPHUBTool.swift in Sources */,
			);
			runOnlyForDeploymentPostprocessing = 0;
		};
/* End PBXSourcesBuildPhase section */

/* Begin XCBuildConfiguration section */
		5A39867B1D9BA843007872F6 /* Debug */ = {
			isa = XCBuildConfiguration;
			buildSettings = {
				ALWAYS_SEARCH_USER_PATHS = NO;
				CLANG_ANALYZER_NONNULL = YES;
				CLANG_CXX_LANGUAGE_STANDARD = "gnu++0x";
				CLANG_CXX_LIBRARY = "libc++";
				CLANG_ENABLE_MODULES = YES;
				CLANG_ENABLE_OBJC_ARC = YES;
				CLANG_WARN_BOOL_CONVERSION = YES;
				CLANG_WARN_CONSTANT_CONVERSION = YES;
				CLANG_WARN_DIRECT_OBJC_ISA_USAGE = YES_ERROR;
				CLANG_WARN_DOCUMENTATION_COMMENTS = YES;
				CLANG_WARN_EMPTY_BODY = YES;
				CLANG_WARN_ENUM_CONVERSION = YES;
				CLANG_WARN_INFINITE_RECURSION = YES;
				CLANG_WARN_INT_CONVERSION = YES;
				CLANG_WARN_OBJC_ROOT_CLASS = YES_ERROR;
				CLANG_WARN_SUSPICIOUS_MOVES = YES;
				CLANG_WARN_UNREACHABLE_CODE = YES;
				CLANG_WARN__DUPLICATE_METHOD_MATCH = YES;
				"CODE_SIGN_IDENTITY[sdk=iphoneos*]" = "iPhone Developer";
				COPY_PHASE_STRIP = NO;
				DEBUG_INFORMATION_FORMAT = dwarf;
				ENABLE_STRICT_OBJC_MSGSEND = YES;
				ENABLE_TESTABILITY = YES;
				GCC_C_LANGUAGE_STANDARD = gnu99;
				GCC_DYNAMIC_NO_PIC = NO;
				GCC_NO_COMMON_BLOCKS = YES;
				GCC_OPTIMIZATION_LEVEL = 0;
				GCC_PREPROCESSOR_DEFINITIONS = (
					"DEBUG=1",
					"$(inherited)",
				);
				GCC_WARN_64_TO_32_BIT_CONVERSION = YES;
				GCC_WARN_ABOUT_RETURN_TYPE = YES_ERROR;
				GCC_WARN_UNDECLARED_SELECTOR = YES;
				GCC_WARN_UNINITIALIZED_AUTOS = YES_AGGRESSIVE;
				GCC_WARN_UNUSED_FUNCTION = YES;
				GCC_WARN_UNUSED_VARIABLE = YES;
				IPHONEOS_DEPLOYMENT_TARGET = 10.0;
				MTL_ENABLE_DEBUG_INFO = YES;
				ONLY_ACTIVE_ARCH = YES;
				SDKROOT = iphoneos;
				SWIFT_ACTIVE_COMPILATION_CONDITIONS = DEBUG;
				SWIFT_OPTIMIZATION_LEVEL = "-Onone";
			};
			name = Debug;
		};
		5A39867C1D9BA843007872F6 /* Release */ = {
			isa = XCBuildConfiguration;
			buildSettings = {
				ALWAYS_SEARCH_USER_PATHS = NO;
				CLANG_ANALYZER_NONNULL = YES;
				CLANG_CXX_LANGUAGE_STANDARD = "gnu++0x";
				CLANG_CXX_LIBRARY = "libc++";
				CLANG_ENABLE_MODULES = YES;
				CLANG_ENABLE_OBJC_ARC = YES;
				CLANG_WARN_BOOL_CONVERSION = YES;
				CLANG_WARN_CONSTANT_CONVERSION = YES;
				CLANG_WARN_DIRECT_OBJC_ISA_USAGE = YES_ERROR;
				CLANG_WARN_DOCUMENTATION_COMMENTS = YES;
				CLANG_WARN_EMPTY_BODY = YES;
				CLANG_WARN_ENUM_CONVERSION = YES;
				CLANG_WARN_INFINITE_RECURSION = YES;
				CLANG_WARN_INT_CONVERSION = YES;
				CLANG_WARN_OBJC_ROOT_CLASS = YES_ERROR;
				CLANG_WARN_SUSPICIOUS_MOVES = YES;
				CLANG_WARN_UNREACHABLE_CODE = YES;
				CLANG_WARN__DUPLICATE_METHOD_MATCH = YES;
				"CODE_SIGN_IDENTITY[sdk=iphoneos*]" = "iPhone Developer";
				COPY_PHASE_STRIP = NO;
				DEBUG_INFORMATION_FORMAT = "dwarf-with-dsym";
				ENABLE_NS_ASSERTIONS = NO;
				ENABLE_STRICT_OBJC_MSGSEND = YES;
				GCC_C_LANGUAGE_STANDARD = gnu99;
				GCC_NO_COMMON_BLOCKS = YES;
				GCC_WARN_64_TO_32_BIT_CONVERSION = YES;
				GCC_WARN_ABOUT_RETURN_TYPE = YES_ERROR;
				GCC_WARN_UNDECLARED_SELECTOR = YES;
				GCC_WARN_UNINITIALIZED_AUTOS = YES_AGGRESSIVE;
				GCC_WARN_UNUSED_FUNCTION = YES;
				GCC_WARN_UNUSED_VARIABLE = YES;
				IPHONEOS_DEPLOYMENT_TARGET = 10.0;
				MTL_ENABLE_DEBUG_INFO = NO;
				SDKROOT = iphoneos;
				SWIFT_OPTIMIZATION_LEVEL = "-Owholemodule";
				VALIDATE_PRODUCT = YES;
			};
			name = Release;
		};
		5A39867E1D9BA843007872F6 /* Debug */ = {
			isa = XCBuildConfiguration;
			buildSettings = {
				ALWAYS_EMBED_SWIFT_STANDARD_LIBRARIES = YES;
				ASSETCATALOG_COMPILER_APPICON_NAME = AppIcon;
				ASSETCATALOG_COMPILER_LAUNCHIMAGE_NAME = LaunchImage;
				DEFINES_MODULE = YES;
				DEVELOPMENT_TEAM = HM3SKD457V;
				INFOPLIST_FILE = testSwift/Info.plist;
				IPHONEOS_DEPLOYMENT_TARGET = 8.0;
				LD_RUNPATH_SEARCH_PATHS = "$(inherited) @executable_path/Frameworks";
				PRODUCT_BUNDLE_IDENTIFIER = bearer.emexpress.xx3700.com;
				PRODUCT_NAME = "$(TARGET_NAME)";
				SWIFT_OBJC_BRIDGING_HEADER = "$(SRCROOT)/testSwift/Classes/Tools/testSwift-Briding-Header.h";
				SWIFT_VERSION = 3.0;
				TARGETED_DEVICE_FAMILY = 1;
			};
			name = Debug;
		};
		5A39867F1D9BA843007872F6 /* Release */ = {
			isa = XCBuildConfiguration;
			buildSettings = {
				ALWAYS_EMBED_SWIFT_STANDARD_LIBRARIES = YES;
				ASSETCATALOG_COMPILER_APPICON_NAME = AppIcon;
				ASSETCATALOG_COMPILER_LAUNCHIMAGE_NAME = LaunchImage;
				DEFINES_MODULE = YES;
				DEVELOPMENT_TEAM = HM3SKD457V;
				INFOPLIST_FILE = testSwift/Info.plist;
				IPHONEOS_DEPLOYMENT_TARGET = 8.0;
				LD_RUNPATH_SEARCH_PATHS = "$(inherited) @executable_path/Frameworks";
				PRODUCT_BUNDLE_IDENTIFIER = bearer.emexpress.xx3700.com;
				PRODUCT_NAME = "$(TARGET_NAME)";
				SWIFT_OBJC_BRIDGING_HEADER = "$(SRCROOT)/testSwift/Classes/Tools/testSwift-Briding-Header.h";
				SWIFT_VERSION = 3.0;
				TARGETED_DEVICE_FAMILY = 1;
			};
			name = Release;
		};
/* End XCBuildConfiguration section */

/* Begin XCConfigurationList section */
		5A3986661D9BA843007872F6 /* Build configuration list for PBXProject "testSwift" */ = {
			isa = XCConfigurationList;
			buildConfigurations = (
				5A39867B1D9BA843007872F6 /* Debug */,
				5A39867C1D9BA843007872F6 /* Release */,
			);
			defaultConfigurationIsVisible = 0;
			defaultConfigurationName = Release;
		};
		5A39867D1D9BA843007872F6 /* Build configuration list for PBXNativeTarget "testSwift" */ = {
			isa = XCConfigurationList;
			buildConfigurations = (
				5A39867E1D9BA843007872F6 /* Debug */,
				5A39867F1D9BA843007872F6 /* Release */,
			);
			defaultConfigurationIsVisible = 0;
			defaultConfigurationName = Release;
		};
/* End XCConfigurationList section */
	};
	rootObject = 5A3986631D9BA843007872F6 /* Project object */;
}
